
Microsoft Visual Studio Solution File, Format Version 12.00
# Visual Studio Version 18
VisualStudioVersion = 18.2.11415.280 d18.0
MinimumVisualStudioVersion = 10.0.40219.1
Project("{FAE04EC0-301F-11D3-BF4B-00C04F79EFBC}") = "Landing Page", "Landing Page.csproj", "{E1D8F234-A32E-8276-285B-63767FD2AB1D}"
EndProject
Global
	GlobalSection(SolutionConfigurationPlatforms) = preSolution
		Debug|Any CPU = Debug|Any CPU
		Release|Any CPU = Release|Any CPU
	EndGlobalSection
	GlobalSection(ProjectConfigurationPlatforms) = postSolution
		{E1D8F234-A32E-8276-285B-63767FD2AB1D}.Debug|Any CPU.ActiveCfg = Debug|Any CPU
		{E1D8F234-A32E-8276-285B-63767FD2AB1D}.Debug|Any CPU.Build.0 = Debug|Any CPU
		{E1D8F234-A32E-8276-285B-63767FD2AB1D}.Release|Any CPU.ActiveCfg = Release|Any CPU
		{E1D8F234-A32E-8276-285B-63767FD2AB1D}.Release|Any CPU.Build.0 = Release|Any CPU
	EndGlobalSection
	GlobalSection(SolutionProperties) = preSolution
		HideSolutionNode = FALSE
	EndGlobalSection
	GlobalSection(ExtensibilityGlobals) = postSolution
		SolutionGuid = {15CDB31D-A9DF-45A3-BAB4-77192BD9D205}
	EndGlobalSection
EndGlobal
